
Microsoft Visual Studio Solution File, Format Version 10.00
# Visual Studio 2008
Project("{8BC9CEB8-8B4A-11D0-8D11-00A0C91BC942}") = "question3", "question3\question3.vcproj", "{DE5F2F98-461E-485C-AE34-0649BDB6BCE0}"
EndProject
Global
	GlobalSection(SolutionConfigurationPlatforms) = preSolution
		Debug|Win32 = Debug|Win32
		Release|Win32 = Release|Win32
	EndGlobalSection
	GlobalSection(ProjectConfigurationPlatforms) = postSolution
		{DE5F2F98-461E-485C-AE34-0649BDB6BCE0}.Debug|Win32.ActiveCfg = Debug|Win32
		{DE5F2F98-461E-485C-AE34-0649BDB6BCE0}.Debug|Win32.Build.0 = Debug|Win32
		{DE5F2F98-461E-485C-AE34-0649BDB6BCE0}.Release|Win32.ActiveCfg = Release|Win32
		{DE5F2F98-461E-485C-AE34-0649BDB6BCE0}.Release|Win32.Build.0 = Release|Win32
	EndGlobalSection
	GlobalSection(SolutionProperties) = preSolution
		HideSolutionNode = FALSE
	EndGlobalSection
EndGlobal
