
Microsoft Visual Studio Solution File, Format Version 10.00
# Visual Studio 2008
Project("{8BC9CEB8-8B4A-11D0-8D11-00A0C91BC942}") = "logtest", "logtest\logtest.vcproj", "{FEE1A98B-2998-45DE-BB65-DFCBD68233CB}"
	ProjectSection(ProjectDependencies) = postProject
		{0859A3DB-1C2B-4B31-BCA2-A210A3D6684C} = {0859A3DB-1C2B-4B31-BCA2-A210A3D6684C}
	EndProjectSection
EndProject
Project("{8BC9CEB8-8B4A-11D0-8D11-00A0C91BC942}") = "corelib", "corelib\corelib.vcproj", "{0859A3DB-1C2B-4B31-BCA2-A210A3D6684C}"
EndProject
Global
	GlobalSection(SolutionConfigurationPlatforms) = preSolution
		Debug|Win32 = Debug|Win32
		Release|Win32 = Release|Win32
	EndGlobalSection
	GlobalSection(ProjectConfigurationPlatforms) = postSolution
		{FEE1A98B-2998-45DE-BB65-DFCBD68233CB}.Debug|Win32.ActiveCfg = Debug|Win32
		{FEE1A98B-2998-45DE-BB65-DFCBD68233CB}.Debug|Win32.Build.0 = Debug|Win32
		{FEE1A98B-2998-45DE-BB65-DFCBD68233CB}.Release|Win32.ActiveCfg = Release|Win32
		{FEE1A98B-2998-45DE-BB65-DFCBD68233CB}.Release|Win32.Build.0 = Release|Win32
		{0859A3DB-1C2B-4B31-BCA2-A210A3D6684C}.Debug|Win32.ActiveCfg = Debug|Win32
		{0859A3DB-1C2B-4B31-BCA2-A210A3D6684C}.Debug|Win32.Build.0 = Debug|Win32
		{0859A3DB-1C2B-4B31-BCA2-A210A3D6684C}.Release|Win32.ActiveCfg = Release|Win32
		{0859A3DB-1C2B-4B31-BCA2-A210A3D6684C}.Release|Win32.Build.0 = Release|Win32
	EndGlobalSection
	GlobalSection(SolutionProperties) = preSolution
		HideSolutionNode = FALSE
	EndGlobalSection
EndGlobal
