
Microsoft Visual Studio Solution File, Format Version 10.00
# Visual C++ Express 2008
Project("{8BC9CEB8-8B4A-11D0-8D11-00A0C91BC942}") = "DanielSchenkerq2", "DanielSchenkerq2\DanielSchenkerq2.vcproj", "{47853711-D042-4E7B-9470-2ED56F9E60F7}"
EndProject
Project("{8BC9CEB8-8B4A-11D0-8D11-00A0C91BC942}") = "DanielSchenkerq1", "DanielSchenkerq1\DanielSchenkerq1.vcproj", "{55CB2136-DDBD-469E-882D-5DE89B1EC09F}"
EndProject
Project("{8BC9CEB8-8B4A-11D0-8D11-00A0C91BC942}") = "DanielSchenkerq3", "DanielSchenkerq3\DanielSchenkerq3.vcproj", "{C42895E2-A857-4A6C-AF09-66E1F6B37616}"
EndProject
Project("{8BC9CEB8-8B4A-11D0-8D11-00A0C91BC942}") = "DanielSchenkerq4", "DanielSchenkerq4\DanielSchenkerq4.vcproj", "{3ECEEC42-60B4-4905-97FB-677CA5FFE52E}"
EndProject
Global
	GlobalSection(SolutionConfigurationPlatforms) = preSolution
		Debug|Win32 = Debug|Win32
		Release|Win32 = Release|Win32
	EndGlobalSection
	GlobalSection(ProjectConfigurationPlatforms) = postSolution
		{47853711-D042-4E7B-9470-2ED56F9E60F7}.Debug|Win32.ActiveCfg = Debug|Win32
		{47853711-D042-4E7B-9470-2ED56F9E60F7}.Debug|Win32.Build.0 = Debug|Win32
		{47853711-D042-4E7B-9470-2ED56F9E60F7}.Release|Win32.ActiveCfg = Release|Win32
		{47853711-D042-4E7B-9470-2ED56F9E60F7}.Release|Win32.Build.0 = Release|Win32
		{55CB2136-DDBD-469E-882D-5DE89B1EC09F}.Debug|Win32.ActiveCfg = Debug|Win32
		{55CB2136-DDBD-469E-882D-5DE89B1EC09F}.Debug|Win32.Build.0 = Debug|Win32
		{55CB2136-DDBD-469E-882D-5DE89B1EC09F}.Release|Win32.ActiveCfg = Release|Win32
		{55CB2136-DDBD-469E-882D-5DE89B1EC09F}.Release|Win32.Build.0 = Release|Win32
		{C42895E2-A857-4A6C-AF09-66E1F6B37616}.Debug|Win32.ActiveCfg = Debug|Win32
		{C42895E2-A857-4A6C-AF09-66E1F6B37616}.Debug|Win32.Build.0 = Debug|Win32
		{C42895E2-A857-4A6C-AF09-66E1F6B37616}.Release|Win32.ActiveCfg = Release|Win32
		{C42895E2-A857-4A6C-AF09-66E1F6B37616}.Release|Win32.Build.0 = Release|Win32
		{3ECEEC42-60B4-4905-97FB-677CA5FFE52E}.Debug|Win32.ActiveCfg = Debug|Win32
		{3ECEEC42-60B4-4905-97FB-677CA5FFE52E}.Debug|Win32.Build.0 = Debug|Win32
		{3ECEEC42-60B4-4905-97FB-677CA5FFE52E}.Release|Win32.ActiveCfg = Release|Win32
		{3ECEEC42-60B4-4905-97FB-677CA5FFE52E}.Release|Win32.Build.0 = Release|Win32
	EndGlobalSection
	GlobalSection(SolutionProperties) = preSolution
		HideSolutionNode = FALSE
	EndGlobalSection
EndGlobal
