
Microsoft Visual Studio Solution File, Format Version 10.00
# Visual C++ Express 2008
Project("{8BC9CEB8-8B4A-11D0-8D11-00A0C91BC942}") = "621AirlineReservationSystemv2.0", "621AirlineReservationSystemv2.0\621AirlineReservationSystemv2.0.vcproj", "{97478022-43F0-4CDA-8BDC-F80FB39FC049}"
EndProject
Global
	GlobalSection(SolutionConfigurationPlatforms) = preSolution
		Debug|Win32 = Debug|Win32
		Release|Win32 = Release|Win32
	EndGlobalSection
	GlobalSection(ProjectConfigurationPlatforms) = postSolution
		{97478022-43F0-4CDA-8BDC-F80FB39FC049}.Debug|Win32.ActiveCfg = Debug|Win32
		{97478022-43F0-4CDA-8BDC-F80FB39FC049}.Debug|Win32.Build.0 = Debug|Win32
		{97478022-43F0-4CDA-8BDC-F80FB39FC049}.Release|Win32.ActiveCfg = Release|Win32
		{97478022-43F0-4CDA-8BDC-F80FB39FC049}.Release|Win32.Build.0 = Release|Win32
	EndGlobalSection
	GlobalSection(SolutionProperties) = preSolution
		HideSolutionNode = FALSE
	EndGlobalSection
EndGlobal
