
Microsoft Visual Studio Solution File, Format Version 10.00
# Visual Studio 2008
Project("{8BC9CEB8-8B4A-11D0-8D11-00A0C91BC942}") = "string sort", "string sort\string sort.vcproj", "{29DD810B-0D1D-4BD9-A6DB-35F9DC49481C}"
EndProject
Global
	GlobalSection(SolutionConfigurationPlatforms) = preSolution
		Debug|Win32 = Debug|Win32
		Release|Win32 = Release|Win32
	EndGlobalSection
	GlobalSection(ProjectConfigurationPlatforms) = postSolution
		{29DD810B-0D1D-4BD9-A6DB-35F9DC49481C}.Debug|Win32.ActiveCfg = Debug|Win32
		{29DD810B-0D1D-4BD9-A6DB-35F9DC49481C}.Debug|Win32.Build.0 = Debug|Win32
		{29DD810B-0D1D-4BD9-A6DB-35F9DC49481C}.Release|Win32.ActiveCfg = Release|Win32
		{29DD810B-0D1D-4BD9-A6DB-35F9DC49481C}.Release|Win32.Build.0 = Release|Win32
	EndGlobalSection
	GlobalSection(SolutionProperties) = preSolution
		HideSolutionNode = FALSE
	EndGlobalSection
EndGlobal
