
Microsoft Visual Studio Solution File, Format Version 10.00
# Visual C++ Express 2008
Project("{8BC9CEB8-8B4A-11D0-8D11-00A0C91BC942}") = "DanielSchenkerAssignment4", "DanielSchenkerAssignment4.vcproj", "{7459AD15-0335-45E0-A51A-2AF4097440F3}"
EndProject
Global
	GlobalSection(SolutionConfigurationPlatforms) = preSolution
		Debug|Win32 = Debug|Win32
		Release|Win32 = Release|Win32
	EndGlobalSection
	GlobalSection(ProjectConfigurationPlatforms) = postSolution
		{7459AD15-0335-45E0-A51A-2AF4097440F3}.Debug|Win32.ActiveCfg = Debug|Win32
		{7459AD15-0335-45E0-A51A-2AF4097440F3}.Debug|Win32.Build.0 = Debug|Win32
		{7459AD15-0335-45E0-A51A-2AF4097440F3}.Release|Win32.ActiveCfg = Release|Win32
		{7459AD15-0335-45E0-A51A-2AF4097440F3}.Release|Win32.Build.0 = Release|Win32
	EndGlobalSection
	GlobalSection(SolutionProperties) = preSolution
		HideSolutionNode = FALSE
	EndGlobalSection
EndGlobal
