
Microsoft Visual Studio Solution File, Format Version 10.00
# Visual Studio 2008
Project("{8BC9CEB8-8B4A-11D0-8D11-00A0C91BC942}") = "inclassp1_stack", "inclassp1_stack.vcproj", "{2841B37B-5AED-4378-B71C-3B1BE2CEAC04}"
EndProject
Global
	GlobalSection(SolutionConfigurationPlatforms) = preSolution
		Debug|Win32 = Debug|Win32
		Release|Win32 = Release|Win32
	EndGlobalSection
	GlobalSection(ProjectConfigurationPlatforms) = postSolution
		{2841B37B-5AED-4378-B71C-3B1BE2CEAC04}.Debug|Win32.ActiveCfg = Debug|Win32
		{2841B37B-5AED-4378-B71C-3B1BE2CEAC04}.Debug|Win32.Build.0 = Debug|Win32
		{2841B37B-5AED-4378-B71C-3B1BE2CEAC04}.Release|Win32.ActiveCfg = Release|Win32
		{2841B37B-5AED-4378-B71C-3B1BE2CEAC04}.Release|Win32.Build.0 = Release|Win32
	EndGlobalSection
	GlobalSection(SolutionProperties) = preSolution
		HideSolutionNode = FALSE
	EndGlobalSection
EndGlobal
