
Microsoft Visual Studio Solution File, Format Version 10.00
# Visual Studio 2008
Project("{8BC9CEB8-8B4A-11D0-8D11-00A0C91BC942}") = "question2", "question2\question2.vcproj", "{37747A68-8326-424C-A786-083E07D593ED}"
EndProject
Global
	GlobalSection(SolutionConfigurationPlatforms) = preSolution
		Debug|Win32 = Debug|Win32
		Release|Win32 = Release|Win32
	EndGlobalSection
	GlobalSection(ProjectConfigurationPlatforms) = postSolution
		{37747A68-8326-424C-A786-083E07D593ED}.Debug|Win32.ActiveCfg = Debug|Win32
		{37747A68-8326-424C-A786-083E07D593ED}.Debug|Win32.Build.0 = Debug|Win32
		{37747A68-8326-424C-A786-083E07D593ED}.Release|Win32.ActiveCfg = Release|Win32
		{37747A68-8326-424C-A786-083E07D593ED}.Release|Win32.Build.0 = Release|Win32
	EndGlobalSection
	GlobalSection(SolutionProperties) = preSolution
		HideSolutionNode = FALSE
	EndGlobalSection
EndGlobal
