
Microsoft Visual Studio Solution File, Format Version 10.00
# Visual Studio 2008
Project("{8BC9CEB8-8B4A-11D0-8D11-00A0C91BC942}") = "inClass1", "inClass1\inClass1.vcproj", "{CFDC0C66-819C-4085-90A6-6BD179DE381A}"
EndProject
Global
	GlobalSection(SolutionConfigurationPlatforms) = preSolution
		Debug|Win32 = Debug|Win32
		Release|Win32 = Release|Win32
	EndGlobalSection
	GlobalSection(ProjectConfigurationPlatforms) = postSolution
		{CFDC0C66-819C-4085-90A6-6BD179DE381A}.Debug|Win32.ActiveCfg = Debug|Win32
		{CFDC0C66-819C-4085-90A6-6BD179DE381A}.Debug|Win32.Build.0 = Debug|Win32
		{CFDC0C66-819C-4085-90A6-6BD179DE381A}.Release|Win32.ActiveCfg = Release|Win32
		{CFDC0C66-819C-4085-90A6-6BD179DE381A}.Release|Win32.Build.0 = Release|Win32
	EndGlobalSection
	GlobalSection(SolutionProperties) = preSolution
		HideSolutionNode = FALSE
	EndGlobalSection
EndGlobal
