<?xml version="1.0" encoding="utf-8"?>
<Project ToolsVersion="4.0" xmlns="http://schemas.microsoft.com/developer/msbuild/2003">
  <ItemGroup>
    <Filter Include="Display">
      <UniqueIdentifier>{30c48ed2-3eda-4109-bd39-4f44b1bd6a05}</UniqueIdentifier>
    </Filter>
    <Filter Include="Resource Files">
      <UniqueIdentifier>{67DA6AB6-F800-4c08-8B7A-83BB121AAD01}</UniqueIdentifier>
      <Extensions>rc;ico;cur;bmp;dlg;rc2;rct;bin;rgs;gif;jpg;jpeg;jpe;resx;tiff;tif;png;wav</Extensions>
    </Filter>
    <Filter Include="Commands">
      <UniqueIdentifier>{060353f4-dd2e-45be-8d8f-5e05354ab0d2}</UniqueIdentifier>
    </Filter>
    <Filter Include="Common">
      <UniqueIdentifier>{c5abc010-4da4-4b01-a7ac-d67b29967683}</UniqueIdentifier>
    </Filter>
    <Filter Include="Framework">
      <UniqueIdentifier>{a72a5bc4-2ade-4d78-82a9-bec6db06b69f}</UniqueIdentifier>
    </Filter>
  </ItemGroup>
  <ItemGroup>
    <ClCompile Include="Rasterizer.cpp">
      <Filter>Display</Filter>
    </ClCompile>
    <ClCompile Include="CmdDrawPixel.cpp">
      <Filter>Commands</Filter>
    </ClCompile>
    <ClCompile Include="ScriptParser.cpp">
      <Filter>Commands</Filter>
    </ClCompile>
    <ClCompile Include="Vector2.cpp">
      <Filter>Common</Filter>
    </ClCompile>
    <ClCompile Include="Vector3.cpp">
      <Filter>Common</Filter>
    </ClCompile>
    <ClCompile Include="ChildFrm.cpp">
      <Filter>Framework</Filter>
    </ClCompile>
    <ClCompile Include="CMGfx.cpp">
      <Filter>Framework</Filter>
    </ClCompile>
    <ClCompile Include="CMGfxDoc.cpp">
      <Filter>Framework</Filter>
    </ClCompile>
    <ClCompile Include="CMGfxView.cpp">
      <Filter>Framework</Filter>
    </ClCompile>
    <ClCompile Include="CntrItem.cpp">
      <Filter>Framework</Filter>
    </ClCompile>
    <ClCompile Include="MainFrm.cpp">
      <Filter>Framework</Filter>
    </ClCompile>
    <ClCompile Include="oglMFCDialogDlg.cpp">
      <Filter>Framework</Filter>
    </ClCompile>
    <ClCompile Include="OpenGLControl.cpp">
      <Filter>Framework</Filter>
    </ClCompile>
    <ClCompile Include="stdafx.cpp">
      <Filter>Framework</Filter>
    </ClCompile>
    <ClCompile Include="CmdColor.cpp">
      <Filter>Commands</Filter>
    </ClCompile>
  </ItemGroup>
  <ItemGroup>
    <ClInclude Include="Rasterizer.h">
      <Filter>Display</Filter>
    </ClInclude>
    <ClInclude Include="CmdCommand.h">
      <Filter>Commands</Filter>
    </ClInclude>
    <ClInclude Include="CmdDrawPixel.h">
      <Filter>Commands</Filter>
    </ClInclude>
    <ClInclude Include="ScriptParser.h">
      <Filter>Commands</Filter>
    </ClInclude>
    <ClInclude Include="Color.h">
      <Filter>Common</Filter>
    </ClInclude>
    <ClInclude Include="Common.h">
      <Filter>Common</Filter>
    </ClInclude>
    <ClInclude Include="MiniMath.h">
      <Filter>Common</Filter>
    </ClInclude>
    <ClInclude Include="Plane2.h">
      <Filter>Common</Filter>
    </ClInclude>
    <ClInclude Include="Vector2.h">
      <Filter>Common</Filter>
    </ClInclude>
    <ClInclude Include="Vector3.h">
      <Filter>Common</Filter>
    </ClInclude>
    <ClInclude Include="Vertex2.h">
      <Filter>Common</Filter>
    </ClInclude>
    <ClInclude Include="ChildFrm.h">
      <Filter>Framework</Filter>
    </ClInclude>
    <ClInclude Include="CMGfx.h">
      <Filter>Framework</Filter>
    </ClInclude>
    <ClInclude Include="CMGfxDoc.h">
      <Filter>Framework</Filter>
    </ClInclude>
    <ClInclude Include="CMGfxView.h">
      <Filter>Framework</Filter>
    </ClInclude>
    <ClInclude Include="CntrItem.h">
      <Filter>Framework</Filter>
    </ClInclude>
    <ClInclude Include="MainFrm.h">
      <Filter>Framework</Filter>
    </ClInclude>
    <ClInclude Include="oglMFCDialogDlg.h">
      <Filter>Framework</Filter>
    </ClInclude>
    <ClInclude Include="OpenGLControl.h">
      <Filter>Framework</Filter>
    </ClInclude>
    <ClInclude Include="Resource.h">
      <Filter>Framework</Filter>
    </ClInclude>
    <ClInclude Include="stdafx.h">
      <Filter>Framework</Filter>
    </ClInclude>
    <ClInclude Include="CmdColor.h">
      <Filter>Commands</Filter>
    </ClInclude>
  </ItemGroup>
  <ItemGroup>
    <Image Include="res\CMGfx.ico">
      <Filter>Resource Files</Filter>
    </Image>
    <Image Include="res\CMGfxDoc.ico">
      <Filter>Resource Files</Filter>
    </Image>
    <Image Include="res\Toolbar.bmp">
      <Filter>Resource Files</Filter>
    </Image>
  </ItemGroup>
  <ItemGroup>
    <ResourceCompile Include="CMGfx.rc">
      <Filter>Resource Files</Filter>
    </ResourceCompile>
  </ItemGroup>
  <ItemGroup>
    <None Include="res\CMGfx.rc2">
      <Filter>Resource Files</Filter>
    </None>
    <None Include="CMGfx.reg" />
  </ItemGroup>
  <ItemGroup>
    <Text Include="ReadMe.txt" />
  </ItemGroup>
</Project>