<?xml version="1.0" encoding="utf-8"?>
<Project ToolsVersion="4.0" xmlns="http://schemas.microsoft.com/developer/msbuild/2003">
  <ItemGroup>
    <Filter Include="Graphics">
      <UniqueIdentifier>{6fda3be4-1ffd-46d7-ac2b-6d8959373f5c}</UniqueIdentifier>
    </Filter>
    <Filter Include="Input">
      <UniqueIdentifier>{66b5a7ae-04ed-4526-afc5-c925a08a26d7}</UniqueIdentifier>
    </Filter>
    <Filter Include="Platform">
      <UniqueIdentifier>{4cc5c79c-4e56-44d1-9310-152424442a87}</UniqueIdentifier>
    </Filter>
    <Filter Include="Core">
      <UniqueIdentifier>{c6e29196-2362-4170-9c8b-eacab6211457}</UniqueIdentifier>
    </Filter>
    <Filter Include="Math">
      <UniqueIdentifier>{b291b0c4-debf-4dfb-a9aa-49c22b619c40}</UniqueIdentifier>
    </Filter>
    <Filter Include="Resource">
      <UniqueIdentifier>{66203f7f-b06c-43cf-b090-98900584b69c}</UniqueIdentifier>
    </Filter>
    <Filter Include="Graphics\Animations">
      <UniqueIdentifier>{124f21e8-44c8-411f-a6f2-3f813b4f05b4}</UniqueIdentifier>
    </Filter>
    <Filter Include="Graphics\Mesh">
      <UniqueIdentifier>{af5fc6c0-689e-457c-be1f-1b5ec8c72e96}</UniqueIdentifier>
    </Filter>
    <Filter Include="Graphics\Shaders">
      <UniqueIdentifier>{0bdc537e-96f8-4145-930d-6a4343300872}</UniqueIdentifier>
    </Filter>
    <Filter Include="Physics">
      <UniqueIdentifier>{55a65385-2ba5-4dc9-9949-16873298de6c}</UniqueIdentifier>
    </Filter>
    <Filter Include="Memory">
      <UniqueIdentifier>{c7a730d8-b892-43a4-b684-85f4676e7b33}</UniqueIdentifier>
    </Filter>
    <Filter Include="GameObject">
      <UniqueIdentifier>{426a61eb-b36b-49c8-aefc-ae5a99c86c85}</UniqueIdentifier>
    </Filter>
  </ItemGroup>
  <ItemGroup>
    <ClCompile Include="InputSystem.cpp">
      <Filter>Input</Filter>
    </ClCompile>
    <ClCompile Include="GraphicsSystem.cpp">
      <Filter>Graphics</Filter>
    </ClCompile>
    <ClCompile Include="Precompiled.cpp" />
    <ClCompile Include="Timer.cpp">
      <Filter>Platform</Filter>
    </ClCompile>
    <ClCompile Include="Window.cpp">
      <Filter>Platform</Filter>
    </ClCompile>
    <ClCompile Include="Application.cpp">
      <Filter>Core</Filter>
    </ClCompile>
    <ClCompile Include="Camera.cpp">
      <Filter>Graphics</Filter>
    </ClCompile>
    <ClCompile Include="Font.cpp">
      <Filter>Graphics</Filter>
    </ClCompile>
    <ClCompile Include="SimpleDraw.cpp">
      <Filter>Graphics</Filter>
    </ClCompile>
    <ClCompile Include="SpriteRenderer.cpp">
      <Filter>Graphics</Filter>
    </ClCompile>
    <ClCompile Include="Texture.cpp">
      <Filter>Graphics</Filter>
    </ClCompile>
    <ClCompile Include="Sampler.cpp">
      <Filter>Graphics</Filter>
    </ClCompile>
    <ClCompile Include="Heightmap.cpp">
      <Filter>Graphics</Filter>
    </ClCompile>
    <ClCompile Include="Random.cpp">
      <Filter>Core</Filter>
    </ClCompile>
    <ClCompile Include="EngineMath.cpp">
      <Filter>Math</Filter>
    </ClCompile>
    <ClCompile Include="Hash.cpp">
      <Filter>Core</Filter>
    </ClCompile>
    <ClCompile Include="TextureManager.cpp">
      <Filter>Resource</Filter>
    </ClCompile>
    <ClCompile Include="Model.cpp">
      <Filter>Graphics</Filter>
    </ClCompile>
    <ClCompile Include="Bone.cpp">
      <Filter>Graphics\Animations</Filter>
    </ClCompile>
    <ClCompile Include="Keyframe.cpp">
      <Filter>Graphics\Animations</Filter>
    </ClCompile>
    <ClCompile Include="BoneAnimation.cpp">
      <Filter>Graphics\Animations</Filter>
    </ClCompile>
    <ClCompile Include="ModelManager.cpp">
      <Filter>Resource</Filter>
    </ClCompile>
    <ClCompile Include="AnimationClip.cpp">
      <Filter>Graphics\Animations</Filter>
    </ClCompile>
    <ClCompile Include="MeshUtil.cpp">
      <Filter>Graphics\Mesh</Filter>
    </ClCompile>
    <ClCompile Include="MeshRenderer.cpp">
      <Filter>Graphics\Mesh</Filter>
    </ClCompile>
    <ClCompile Include="MeshBuilder.cpp">
      <Filter>Graphics\Mesh</Filter>
    </ClCompile>
    <ClCompile Include="MeshBuffer.cpp">
      <Filter>Graphics\Mesh</Filter>
    </ClCompile>
    <ClCompile Include="Mesh.cpp">
      <Filter>Graphics\Mesh</Filter>
    </ClCompile>
    <ClCompile Include="PixelShader.cpp">
      <Filter>Graphics\Shaders</Filter>
    </ClCompile>
    <ClCompile Include="ConstantBuffer.cpp">
      <Filter>Graphics\Shaders</Filter>
    </ClCompile>
    <ClCompile Include="VertexShader.cpp">
      <Filter>Graphics\Shaders</Filter>
    </ClCompile>
    <ClCompile Include="AnimationController.cpp">
      <Filter>Graphics\Animations</Filter>
    </ClCompile>
    <ClCompile Include="Terrain.cpp">
      <Filter>Graphics</Filter>
    </ClCompile>
    <ClCompile Include="PhysicsWorld.cpp">
      <Filter>Physics</Filter>
    </ClCompile>
    <ClCompile Include="Particle.cpp">
      <Filter>Physics</Filter>
    </ClCompile>
    <ClCompile Include="Constraints.cpp">
      <Filter>Physics</Filter>
    </ClCompile>
    <ClCompile Include="GameObject.cpp">
      <Filter>GameObject</Filter>
    </ClCompile>
  </ItemGroup>
  <ItemGroup>
    <ClInclude Include="InputEvent.h">
      <Filter>Input</Filter>
    </ClInclude>
    <ClInclude Include="InputSystem.h">
      <Filter>Input</Filter>
    </ClInclude>
    <ClInclude Include="InputTypes.h">
      <Filter>Input</Filter>
    </ClInclude>
    <ClInclude Include="GraphicsSystem.h">
      <Filter>Graphics</Filter>
    </ClInclude>
    <ClInclude Include="Common.h" />
    <ClInclude Include="Engine.h" />
    <ClInclude Include="Precompiled.h" />
    <ClInclude Include="Timer.h">
      <Filter>Platform</Filter>
    </ClInclude>
    <ClInclude Include="Window.h">
      <Filter>Platform</Filter>
    </ClInclude>
    <ClInclude Include="Delegate.h">
      <Filter>Core</Filter>
    </ClInclude>
    <ClInclude Include="Application.h">
      <Filter>Core</Filter>
    </ClInclude>
    <ClInclude Include="Camera.h">
      <Filter>Graphics</Filter>
    </ClInclude>
    <ClInclude Include="Font.h">
      <Filter>Graphics</Filter>
    </ClInclude>
    <ClInclude Include="SimpleDraw.h">
      <Filter>Graphics</Filter>
    </ClInclude>
    <ClInclude Include="SpriteRenderer.h">
      <Filter>Graphics</Filter>
    </ClInclude>
    <ClInclude Include="Texture.h">
      <Filter>Graphics</Filter>
    </ClInclude>
    <ClInclude Include="Sampler.h">
      <Filter>Graphics</Filter>
    </ClInclude>
    <ClInclude Include="Heightmap.h">
      <Filter>Graphics</Filter>
    </ClInclude>
    <ClInclude Include="Random.h">
      <Filter>Core</Filter>
    </ClInclude>
    <ClInclude Include="Vector3.h">
      <Filter>Math</Filter>
    </ClInclude>
    <ClInclude Include="Matrix.h">
      <Filter>Math</Filter>
    </ClInclude>
    <ClInclude Include="EngineMath.h">
      <Filter>Math</Filter>
    </ClInclude>
    <ClInclude Include="Color.h">
      <Filter>Graphics</Filter>
    </ClInclude>
    <ClInclude Include="Vector2.h">
      <Filter>Math</Filter>
    </ClInclude>
    <ClInclude Include="Resource.h">
      <Filter>Resource</Filter>
    </ClInclude>
    <ClInclude Include="Hash.h">
      <Filter>Core</Filter>
    </ClInclude>
    <ClInclude Include="ResourceManager.h">
      <Filter>Resource</Filter>
    </ClInclude>
    <ClInclude Include="TextureManager.h">
      <Filter>Resource</Filter>
    </ClInclude>
    <ClInclude Include="Model.h">
      <Filter>Graphics</Filter>
    </ClInclude>
    <ClInclude Include="Bone.h">
      <Filter>Graphics\Animations</Filter>
    </ClInclude>
    <ClInclude Include="Keyframe.h">
      <Filter>Graphics\Animations</Filter>
    </ClInclude>
    <ClInclude Include="BoneAnimation.h">
      <Filter>Graphics\Animations</Filter>
    </ClInclude>
    <ClInclude Include="Quaternion.h">
      <Filter>Math</Filter>
    </ClInclude>
    <ClInclude Include="ModelManager.h">
      <Filter>Resource</Filter>
    </ClInclude>
    <ClInclude Include="AnimationClip.h">
      <Filter>Graphics\Animations</Filter>
    </ClInclude>
    <ClInclude Include="MeshUtil.h">
      <Filter>Graphics\Mesh</Filter>
    </ClInclude>
    <ClInclude Include="MeshRenderer.h">
      <Filter>Graphics\Mesh</Filter>
    </ClInclude>
    <ClInclude Include="MeshBuilder.h">
      <Filter>Graphics\Mesh</Filter>
    </ClInclude>
    <ClInclude Include="MeshBuffer.h">
      <Filter>Graphics\Mesh</Filter>
    </ClInclude>
    <ClInclude Include="Mesh.h">
      <Filter>Graphics\Mesh</Filter>
    </ClInclude>
    <ClInclude Include="PixelShader.h">
      <Filter>Graphics\Shaders</Filter>
    </ClInclude>
    <ClInclude Include="ConstantBuffer.h">
      <Filter>Graphics\Shaders</Filter>
    </ClInclude>
    <ClInclude Include="VertexShader.h">
      <Filter>Graphics\Shaders</Filter>
    </ClInclude>
    <ClInclude Include="AnimationController.h">
      <Filter>Graphics\Animations</Filter>
    </ClInclude>
    <ClInclude Include="Terrain.h">
      <Filter>Graphics</Filter>
    </ClInclude>
    <ClInclude Include="AABB.h">
      <Filter>Math</Filter>
    </ClInclude>
    <ClInclude Include="Sphere.h">
      <Filter>Math</Filter>
    </ClInclude>
    <ClInclude Include="PhysicsWorld.h">
      <Filter>Physics</Filter>
    </ClInclude>
    <ClInclude Include="Particle.h">
      <Filter>Physics</Filter>
    </ClInclude>
    <ClInclude Include="Constraints.h">
      <Filter>Physics</Filter>
    </ClInclude>
    <ClInclude Include="OBB.h">
      <Filter>Math</Filter>
    </ClInclude>
    <ClInclude Include="Ray.h">
      <Filter>Math</Filter>
    </ClInclude>
    <ClInclude Include="Plane.h">
      <Filter>Math</Filter>
    </ClInclude>
    <ClInclude Include="MemoryPool.h">
      <Filter>Memory</Filter>
    </ClInclude>
    <ClInclude Include="MemHandle.h">
      <Filter>Memory</Filter>
    </ClInclude>
    <ClInclude Include="GameObject.h">
      <Filter>GameObject</Filter>
    </ClInclude>
  </ItemGroup>
  <ItemGroup>
    <None Include="Vector3.inl">
      <Filter>Math</Filter>
    </None>
    <None Include="Matrix.inl">
      <Filter>Math</Filter>
    </None>
    <None Include="EngineMath.inl">
      <Filter>Math</Filter>
    </None>
    <None Include="ResourceManager.inl">
      <Filter>Resource</Filter>
    </None>
    <None Include="Quaternion.inl">
      <Filter>Math</Filter>
    </None>
    <None Include="MemoryPool.inl">
      <Filter>Memory</Filter>
    </None>
    <None Include="MemHandle.inl">
      <Filter>Memory</Filter>
    </None>
  </ItemGroup>
</Project>