
Microsoft Visual Studio Solution File, Format Version 10.00
# Visual Studio 2008
Project("{8BC9CEB8-8B4A-11D0-8D11-00A0C91BC942}") = "wk1", "wk1\wk1.vcproj", "{131A6CC0-051B-4820-AA61-0F3643624159}"
	ProjectSection(ProjectDependencies) = postProject
		{686497EE-AECA-4D23-916C-2D64D8B577BD} = {686497EE-AECA-4D23-916C-2D64D8B577BD}
	EndProjectSection
EndProject
Project("{8BC9CEB8-8B4A-11D0-8D11-00A0C91BC942}") = "corelib", "corelib\corelib.vcproj", "{686497EE-AECA-4D23-916C-2D64D8B577BD}"
EndProject
Project("{8BC9CEB8-8B4A-11D0-8D11-00A0C91BC942}") = "wk2", "wk2\wk2.vcproj", "{478A1602-AB1A-44EB-AC16-D3960505D363}"
EndProject
Project("{8BC9CEB8-8B4A-11D0-8D11-00A0C91BC942}") = "SGE", "SGE\SGE.vcproj", "{34282BBF-80BD-40A9-8B00-4B6955B5D24A}"
EndProject
Project("{8BC9CEB8-8B4A-11D0-8D11-00A0C91BC942}") = "dsgame", "mygame\mygame.vcproj", "{5B462630-3265-4853-8986-4FDFE99CFACF}"
	ProjectSection(ProjectDependencies) = postProject
		{34282BBF-80BD-40A9-8B00-4B6955B5D24A} = {34282BBF-80BD-40A9-8B00-4B6955B5D24A}
		{686497EE-AECA-4D23-916C-2D64D8B577BD} = {686497EE-AECA-4D23-916C-2D64D8B577BD}
	EndProjectSection
EndProject
Global
	GlobalSection(SolutionConfigurationPlatforms) = preSolution
		Debug|Win32 = Debug|Win32
		Release|Win32 = Release|Win32
	EndGlobalSection
	GlobalSection(ProjectConfigurationPlatforms) = postSolution
		{131A6CC0-051B-4820-AA61-0F3643624159}.Debug|Win32.ActiveCfg = Debug|Win32
		{131A6CC0-051B-4820-AA61-0F3643624159}.Debug|Win32.Build.0 = Debug|Win32
		{131A6CC0-051B-4820-AA61-0F3643624159}.Release|Win32.ActiveCfg = Release|Win32
		{131A6CC0-051B-4820-AA61-0F3643624159}.Release|Win32.Build.0 = Release|Win32
		{686497EE-AECA-4D23-916C-2D64D8B577BD}.Debug|Win32.ActiveCfg = Debug|Win32
		{686497EE-AECA-4D23-916C-2D64D8B577BD}.Debug|Win32.Build.0 = Debug|Win32
		{686497EE-AECA-4D23-916C-2D64D8B577BD}.Release|Win32.ActiveCfg = Release|Win32
		{686497EE-AECA-4D23-916C-2D64D8B577BD}.Release|Win32.Build.0 = Release|Win32
		{478A1602-AB1A-44EB-AC16-D3960505D363}.Debug|Win32.ActiveCfg = Debug|Win32
		{478A1602-AB1A-44EB-AC16-D3960505D363}.Debug|Win32.Build.0 = Debug|Win32
		{478A1602-AB1A-44EB-AC16-D3960505D363}.Release|Win32.ActiveCfg = Release|Win32
		{478A1602-AB1A-44EB-AC16-D3960505D363}.Release|Win32.Build.0 = Release|Win32
		{34282BBF-80BD-40A9-8B00-4B6955B5D24A}.Debug|Win32.ActiveCfg = Debug|Win32
		{34282BBF-80BD-40A9-8B00-4B6955B5D24A}.Debug|Win32.Build.0 = Debug|Win32
		{34282BBF-80BD-40A9-8B00-4B6955B5D24A}.Release|Win32.ActiveCfg = Release|Win32
		{34282BBF-80BD-40A9-8B00-4B6955B5D24A}.Release|Win32.Build.0 = Release|Win32
		{5B462630-3265-4853-8986-4FDFE99CFACF}.Debug|Win32.ActiveCfg = Debug|Win32
		{5B462630-3265-4853-8986-4FDFE99CFACF}.Debug|Win32.Build.0 = Debug|Win32
		{5B462630-3265-4853-8986-4FDFE99CFACF}.Release|Win32.ActiveCfg = Release|Win32
		{5B462630-3265-4853-8986-4FDFE99CFACF}.Release|Win32.Build.0 = Release|Win32
	EndGlobalSection
	GlobalSection(SolutionProperties) = preSolution
		HideSolutionNode = FALSE
	EndGlobalSection
EndGlobal
