
Microsoft Visual Studio Solution File, Format Version 10.00
# Visual Studio 2008
Project("{8BC9CEB8-8B4A-11D0-8D11-00A0C91BC942}") = "inclassBubbleSort", "inclassBubbleSort.vcproj", "{A271870F-8C7D-4FF1-8D9B-4095FD52C80E}"
EndProject
Global
	GlobalSection(SolutionConfigurationPlatforms) = preSolution
		Debug|Win32 = Debug|Win32
		Release|Win32 = Release|Win32
	EndGlobalSection
	GlobalSection(ProjectConfigurationPlatforms) = postSolution
		{A271870F-8C7D-4FF1-8D9B-4095FD52C80E}.Debug|Win32.ActiveCfg = Debug|Win32
		{A271870F-8C7D-4FF1-8D9B-4095FD52C80E}.Debug|Win32.Build.0 = Debug|Win32
		{A271870F-8C7D-4FF1-8D9B-4095FD52C80E}.Release|Win32.ActiveCfg = Release|Win32
		{A271870F-8C7D-4FF1-8D9B-4095FD52C80E}.Release|Win32.Build.0 = Release|Win32
	EndGlobalSection
	GlobalSection(SolutionProperties) = preSolution
		HideSolutionNode = FALSE
	EndGlobalSection
EndGlobal
