
Microsoft Visual Studio Solution File, Format Version 10.00
# Visual Studio 2008
Project("{8BC9CEB8-8B4A-11D0-8D11-00A0C91BC942}") = "string search", "string search\string search.vcproj", "{08DF0E01-7510-48EE-84B2-07913353A957}"
EndProject
Global
	GlobalSection(SolutionConfigurationPlatforms) = preSolution
		Debug|Win32 = Debug|Win32
		Release|Win32 = Release|Win32
	EndGlobalSection
	GlobalSection(ProjectConfigurationPlatforms) = postSolution
		{08DF0E01-7510-48EE-84B2-07913353A957}.Debug|Win32.ActiveCfg = Debug|Win32
		{08DF0E01-7510-48EE-84B2-07913353A957}.Debug|Win32.Build.0 = Debug|Win32
		{08DF0E01-7510-48EE-84B2-07913353A957}.Release|Win32.ActiveCfg = Release|Win32
		{08DF0E01-7510-48EE-84B2-07913353A957}.Release|Win32.Build.0 = Release|Win32
	EndGlobalSection
	GlobalSection(SolutionProperties) = preSolution
		HideSolutionNode = FALSE
	EndGlobalSection
EndGlobal
