
Microsoft Visual Studio Solution File, Format Version 10.00
# Visual Studio 2008
Project("{8BC9CEB8-8B4A-11D0-8D11-00A0C91BC942}") = "BasicLinkedList", "BasicLinkedList\BasicLinkedList.vcproj", "{5D4300ED-B1DE-40FE-B87B-B370C659C67F}"
EndProject
Global
	GlobalSection(SolutionConfigurationPlatforms) = preSolution
		Debug|Win32 = Debug|Win32
		Release|Win32 = Release|Win32
	EndGlobalSection
	GlobalSection(ProjectConfigurationPlatforms) = postSolution
		{5D4300ED-B1DE-40FE-B87B-B370C659C67F}.Debug|Win32.ActiveCfg = Debug|Win32
		{5D4300ED-B1DE-40FE-B87B-B370C659C67F}.Debug|Win32.Build.0 = Debug|Win32
		{5D4300ED-B1DE-40FE-B87B-B370C659C67F}.Release|Win32.ActiveCfg = Release|Win32
		{5D4300ED-B1DE-40FE-B87B-B370C659C67F}.Release|Win32.Build.0 = Release|Win32
	EndGlobalSection
	GlobalSection(SolutionProperties) = preSolution
		HideSolutionNode = FALSE
	EndGlobalSection
EndGlobal
