
Microsoft Visual Studio Solution File, Format Version 10.00
# Visual C++ Express 2008
Project("{8BC9CEB8-8B4A-11D0-8D11-00A0C91BC942}") = "BlackJack", "BlackJack\BlackJack.vcproj", "{87E9AA0F-D86E-477F-B4C2-38A5DB39F422}"
EndProject
Global
	GlobalSection(SolutionConfigurationPlatforms) = preSolution
		Debug|Win32 = Debug|Win32
		Release|Win32 = Release|Win32
	EndGlobalSection
	GlobalSection(ProjectConfigurationPlatforms) = postSolution
		{87E9AA0F-D86E-477F-B4C2-38A5DB39F422}.Debug|Win32.ActiveCfg = Debug|Win32
		{87E9AA0F-D86E-477F-B4C2-38A5DB39F422}.Debug|Win32.Build.0 = Debug|Win32
		{87E9AA0F-D86E-477F-B4C2-38A5DB39F422}.Release|Win32.ActiveCfg = Release|Win32
		{87E9AA0F-D86E-477F-B4C2-38A5DB39F422}.Release|Win32.Build.0 = Release|Win32
	EndGlobalSection
	GlobalSection(SolutionProperties) = preSolution
		HideSolutionNode = FALSE
	EndGlobalSection
EndGlobal
